
Microsoft Visual Studio Solution File, Format Version 12.00
# Visual Studio Version 17
VisualStudioVersion = 17.4.33122.133
MinimumVisualStudioVersion = 10.0.40219.1
Project("{9A19103F-16F7-4668-BE54-9A1E7A4F7556}") = "MahdiShop", "MahdiShop\MahdiShop.csproj", "{BFFD9038-2018-4951-8B2A-B9826E749389}"
EndProject
Project("{FAE04EC0-301F-11D3-BF4B-00C04F79EFBC}") = "MahdiShop.Data", "MahdiShop.Data\MahdiShop.Data.csproj", "{5B9A8DE0-CD7C-4CBC-AC92-C2C520989585}"
EndProject
Project("{FAE04EC0-301F-11D3-BF4B-00C04F79EFBC}") = "MahdiShop.Core", "MahdiShop.Core\MahdiShop.Core.csproj", "{1CA5E24E-7A4C-4F03-BBBB-03E3CEAC58E7}"
EndProject
Project("{FAE04EC0-301F-11D3-BF4B-00C04F79EFBC}") = "MahdiShop.Domain", "MahdiShop.Domain\MahdiShop.Domain.csproj", "{A76363F0-3D3E-4662-A974-1910470C68F7}"
EndProject
Global
	GlobalSection(SolutionConfigurationPlatforms) = preSolution
		Debug|Any CPU = Debug|Any CPU
		Release|Any CPU = Release|Any CPU
	EndGlobalSection
	GlobalSection(ProjectConfigurationPlatforms) = postSolution
		{BFFD9038-2018-4951-8B2A-B9826E749389}.Debug|Any CPU.ActiveCfg = Debug|Any CPU
		{BFFD9038-2018-4951-8B2A-B9826E749389}.Debug|Any CPU.Build.0 = Debug|Any CPU
		{BFFD9038-2018-4951-8B2A-B9826E749389}.Release|Any CPU.ActiveCfg = Release|Any CPU
		{BFFD9038-2018-4951-8B2A-B9826E749389}.Release|Any CPU.Build.0 = Release|Any CPU
		{5B9A8DE0-CD7C-4CBC-AC92-C2C520989585}.Debug|Any CPU.ActiveCfg = Debug|Any CPU
		{5B9A8DE0-CD7C-4CBC-AC92-C2C520989585}.Debug|Any CPU.Build.0 = Debug|Any CPU
		{5B9A8DE0-CD7C-4CBC-AC92-C2C520989585}.Release|Any CPU.ActiveCfg = Release|Any CPU
		{5B9A8DE0-CD7C-4CBC-AC92-C2C520989585}.Release|Any CPU.Build.0 = Release|Any CPU
		{1CA5E24E-7A4C-4F03-BBBB-03E3CEAC58E7}.Debug|Any CPU.ActiveCfg = Debug|Any CPU
		{1CA5E24E-7A4C-4F03-BBBB-03E3CEAC58E7}.Debug|Any CPU.Build.0 = Debug|Any CPU
		{1CA5E24E-7A4C-4F03-BBBB-03E3CEAC58E7}.Release|Any CPU.ActiveCfg = Release|Any CPU
		{1CA5E24E-7A4C-4F03-BBBB-03E3CEAC58E7}.Release|Any CPU.Build.0 = Release|Any CPU
		{A76363F0-3D3E-4662-A974-1910470C68F7}.Debug|Any CPU.ActiveCfg = Debug|Any CPU
		{A76363F0-3D3E-4662-A974-1910470C68F7}.Debug|Any CPU.Build.0 = Debug|Any CPU
		{A76363F0-3D3E-4662-A974-1910470C68F7}.Release|Any CPU.ActiveCfg = Release|Any CPU
		{A76363F0-3D3E-4662-A974-1910470C68F7}.Release|Any CPU.Build.0 = Release|Any CPU
	EndGlobalSection
	GlobalSection(SolutionProperties) = preSolution
		HideSolutionNode = FALSE
	EndGlobalSection
	GlobalSection(ExtensibilityGlobals) = postSolution
		SolutionGuid = {92149A8B-7596-4589-A064-9D8F1EEAA67E}
	EndGlobalSection
EndGlobal
